// !$*UTF8*$!
{
	archiveVersion = 1;
	classes = {
	};
	objectVersion = 56;
	objects = {

/* Begin PBXBuildFile section */
		323C386D2A78F0220048762E /* AppDelegate.swift in Sources */ = {isa = PBXBuildFile; fileRef = 323C386C2A78F0220048762E /* AppDelegate.swift */; };
		323C386F2A78F0220048762E /* SceneDelegate.swift in Sources */ = {isa = PBXBuildFile; fileRef = 323C386E2A78F0220048762E /* SceneDelegate.swift */; };
		323C38712A78F0220048762E /* ViewController.swift in Sources */ = {isa = PBXBuildFile; fileRef = 323C38702A78F0220048762E /* ViewController.swift */; };
		323C38762A78F0230048762E /* Assets.xcassets in Resources */ = {isa = PBXBuildFile; fileRef = 323C38752A78F0230048762E /* Assets.xcassets */; };
		323C38792A78F0230048762E /* LaunchScreen.storyboard in Resources */ = {isa = PBXBuildFile; fileRef = 323C38772A78F0230048762E /* LaunchScreen.storyboard */; };
		323C38822A78F59B0048762E /* InfoCollectionCell.swift in Sources */ = {isa = PBXBuildFile; fileRef = 323C38812A78F59B0048762E /* InfoCollectionCell.swift */; };
		323C38842A78F5AA0048762E /* ScillsCollectionCell.swift in Sources */ = {isa = PBXBuildFile; fileRef = 323C38832A78F5AA0048762E /* ScillsCollectionCell.swift */; };
		323C38862A78F5BA0048762E /* AboutMeCollectionCell.swift in Sources */ = {isa = PBXBuildFile; fileRef = 323C38852A78F5BA0048762E /* AboutMeCollectionCell.swift */; };
		323C38892A78FDEF0048762E /* Colors.swift in Sources */ = {isa = PBXBuildFile; fileRef = 323C38882A78FDEF0048762E /* Colors.swift */; };
		323C388B2A78FE7A0048762E /* Fonts.swift in Sources */ = {isa = PBXBuildFile; fileRef = 323C388A2A78FE7A0048762E /* Fonts.swift */; };
		32A956832A790317001658D6 /* DataManager.swift in Sources */ = {isa = PBXBuildFile; fileRef = 32A956822A790317001658D6 /* DataManager.swift */; };
		32A956892A790D1B001658D6 /* String+Extentions.swift in Sources */ = {isa = PBXBuildFile; fileRef = 32A956882A790D1B001658D6 /* String+Extentions.swift */; };
		32A9568C2A790E5F001658D6 /* Localizable.strings in Resources */ = {isa = PBXBuildFile; fileRef = 32A9568E2A790E5F001658D6 /* Localizable.strings */; };
		32A956922A790EE6001658D6 /* InfoPlist.strings in Resources */ = {isa = PBXBuildFile; fileRef = 32A956942A790EE6001658D6 /* InfoPlist.strings */; };
		32A956972A792BC9001658D6 /* SupplementaryViewCell.swift in Sources */ = {isa = PBXBuildFile; fileRef = 32A956962A792BC9001658D6 /* SupplementaryViewCell.swift */; };
/* End PBXBuildFile section */

/* Begin PBXFileReference section */
		323C38692A78F0220048762E /* Resume_App.app */ = {isa = PBXFileReference; explicitFileType = wrapper.application; includeInIndex = 0; path = Resume_App.app; sourceTree = BUILT_PRODUCTS_DIR; };
		323C386C2A78F0220048762E /* AppDelegate.swift */ = {isa = PBXFileReference; lastKnownFileType = sourcecode.swift; path = AppDelegate.swift; sourceTree = "<group>"; };
		323C386E2A78F0220048762E /* SceneDelegate.swift */ = {isa = PBXFileReference; lastKnownFileType = sourcecode.swift; path = SceneDelegate.swift; sourceTree = "<group>"; };
		323C38702A78F0220048762E /* ViewController.swift */ = {isa = PBXFileReference; lastKnownFileType = sourcecode.swift; path = ViewController.swift; sourceTree = "<group>"; };
		323C38752A78F0230048762E /* Assets.xcassets */ = {isa = PBXFileReference; lastKnownFileType = folder.assetcatalog; path = Assets.xcassets; sourceTree = "<group>"; };
		323C38782A78F0230048762E /* Base */ = {isa = PBXFileReference; lastKnownFileType = file.storyboard; name = Base; path = Base.lproj/LaunchScreen.storyboard; sourceTree = "<group>"; };
		323C387A2A78F0230048762E /* Info.plist */ = {isa = PBXFileReference; lastKnownFileType = text.plist.xml; path = Info.plist; sourceTree = "<group>"; };
		323C38812A78F59B0048762E /* InfoCollectionCell.swift */ = {isa = PBXFileReference; lastKnownFileType = sourcecode.swift; path = InfoCollectionCell.swift; sourceTree = "<group>"; };
		323C38832A78F5AA0048762E /* ScillsCollectionCell.swift */ = {isa = PBXFileReference; lastKnownFileType = sourcecode.swift; path = ScillsCollectionCell.swift; sourceTree = "<group>"; };
		323C38852A78F5BA0048762E /* AboutMeCollectionCell.swift */ = {isa = PBXFileReference; lastKnownFileType = sourcecode.swift; path = AboutMeCollectionCell.swift; sourceTree = "<group>"; };
		323C38882A78FDEF0048762E /* Colors.swift */ = {isa = PBXFileReference; lastKnownFileType = sourcecode.swift; path = Colors.swift; sourceTree = "<group>"; };
		323C388A2A78FE7A0048762E /* Fonts.swift */ = {isa = PBXFileReference; lastKnownFileType = sourcecode.swift; path = Fonts.swift; sourceTree = "<group>"; };
		32A956822A790317001658D6 /* DataManager.swift */ = {isa = PBXFileReference; lastKnownFileType = sourcecode.swift; path = DataManager.swift; sourceTree = "<group>"; };
		32A956882A790D1B001658D6 /* String+Extentions.swift */ = {isa = PBXFileReference; lastKnownFileType = sourcecode.swift; path = "String+Extentions.swift"; sourceTree = "<group>"; };
		32A9568D2A790E5F001658D6 /* en */ = {isa = PBXFileReference; lastKnownFileType = text.plist.strings; name = en; path = en.lproj/Localizable.strings; sourceTree = "<group>"; };
		32A9568F2A790E78001658D6 /* ru */ = {isa = PBXFileReference; lastKnownFileType = text.plist.strings; name = ru; path = ru.lproj/Localizable.strings; sourceTree = "<group>"; };
		32A956932A790EE6001658D6 /* en */ = {isa = PBXFileReference; lastKnownFileType = text.plist.strings; name = en; path = en.lproj/InfoPlist.strings; sourceTree = "<group>"; };
		32A956952A790EEA001658D6 /* ru */ = {isa = PBXFileReference; lastKnownFileType = text.plist.strings; name = ru; path = ru.lproj/InfoPlist.strings; sourceTree = "<group>"; };
		32A956962A792BC9001658D6 /* SupplementaryViewCell.swift */ = {isa = PBXFileReference; lastKnownFileType = sourcecode.swift; path = SupplementaryViewCell.swift; sourceTree = "<group>"; };
/* End PBXFileReference section */

/* Begin PBXFrameworksBuildPhase section */
		323C38662A78F0220048762E /* Frameworks */ = {
			isa = PBXFrameworksBuildPhase;
			buildActionMask = 2147483647;
			files = (
			);
			runOnlyForDeploymentPostprocessing = 0;
		};
/* End PBXFrameworksBuildPhase section */

/* Begin PBXGroup section */
		323C38602A78F0220048762E = {
			isa = PBXGroup;
			children = (
				323C386B2A78F0220048762E /* Resume_App */,
				323C386A2A78F0220048762E /* Products */,
			);
			sourceTree = "<group>";
		};
		323C386A2A78F0220048762E /* Products */ = {
			isa = PBXGroup;
			children = (
				323C38692A78F0220048762E /* Resume_App.app */,
			);
			name = Products;
			sourceTree = "<group>";
		};
		323C386B2A78F0220048762E /* Resume_App */ = {
			isa = PBXGroup;
			children = (
				32A956872A790CFC001658D6 /* Extensions */,
				32A956842A790C53001658D6 /* Resource */,
				32A956812A7902EE001658D6 /* Services */,
				323C38872A78FDB10048762E /* DesignSystem */,
				323C38802A78F58A0048762E /* Cells */,
				323C386C2A78F0220048762E /* AppDelegate.swift */,
				323C386E2A78F0220048762E /* SceneDelegate.swift */,
				323C38702A78F0220048762E /* ViewController.swift */,
				323C38752A78F0230048762E /* Assets.xcassets */,
				323C38772A78F0230048762E /* LaunchScreen.storyboard */,
				323C387A2A78F0230048762E /* Info.plist */,
			);
			path = Resume_App;
			sourceTree = "<group>";
		};
		323C38802A78F58A0048762E /* Cells */ = {
			isa = PBXGroup;
			children = (
				323C38812A78F59B0048762E /* InfoCollectionCell.swift */,
				323C38832A78F5AA0048762E /* ScillsCollectionCell.swift */,
				323C38852A78F5BA0048762E /* AboutMeCollectionCell.swift */,
				32A956962A792BC9001658D6 /* SupplementaryViewCell.swift */,
			);
			path = Cells;
			sourceTree = "<group>";
		};
		323C38872A78FDB10048762E /* DesignSystem */ = {
			isa = PBXGroup;
			children = (
				323C38882A78FDEF0048762E /* Colors.swift */,
				323C388A2A78FE7A0048762E /* Fonts.swift */,
			);
			path = DesignSystem;
			sourceTree = "<group>";
		};
		32A956812A7902EE001658D6 /* Services */ = {
			isa = PBXGroup;
			children = (
				32A956822A790317001658D6 /* DataManager.swift */,
			);
			path = Services;
			sourceTree = "<group>";
		};
		32A956842A790C53001658D6 /* Resource */ = {
			isa = PBXGroup;
			children = (
				32A9568E2A790E5F001658D6 /* Localizable.strings */,
				32A956942A790EE6001658D6 /* InfoPlist.strings */,
			);
			path = Resource;
			sourceTree = "<group>";
		};
		32A956872A790CFC001658D6 /* Extensions */ = {
			isa = PBXGroup;
			children = (
				32A956882A790D1B001658D6 /* String+Extentions.swift */,
			);
			path = Extensions;
			sourceTree = "<group>";
		};
/* End PBXGroup section */

/* Begin PBXNativeTarget section */
		323C38682A78F0220048762E /* Resume_App */ = {
			isa = PBXNativeTarget;
			buildConfigurationList = 323C387D2A78F0230048762E /* Build configuration list for PBXNativeTarget "Resume_App" */;
			buildPhases = (
				323C38652A78F0220048762E /* Sources */,
				323C38662A78F0220048762E /* Frameworks */,
				323C38672A78F0220048762E /* Resources */,
			);
			buildRules = (
			);
			dependencies = (
			);
			name = Resume_App;
			productName = Resume_App;
			productReference = 323C38692A78F0220048762E /* Resume_App.app */;
			productType = "com.apple.product-type.application";
		};
/* End PBXNativeTarget section */

/* Begin PBXProject section */
		323C38612A78F0220048762E /* Project object */ = {
			isa = PBXProject;
			attributes = {
				BuildIndependentTargetsInParallel = 1;
				LastSwiftUpdateCheck = 1430;
				LastUpgradeCheck = 1430;
				TargetAttributes = {
					323C38682A78F0220048762E = {
						CreatedOnToolsVersion = 14.3.1;
					};
				};
			};
			buildConfigurationList = 323C38642A78F0220048762E /* Build configuration list for PBXProject "Resume_App" */;
			compatibilityVersion = "Xcode 14.0";
			developmentRegion = en;
			hasScannedForEncodings = 0;
			knownRegions = (
				en,
				Base,
				ru,
			);
			mainGroup = 323C38602A78F0220048762E;
			productRefGroup = 323C386A2A78F0220048762E /* Products */;
			projectDirPath = "";
			projectRoot = "";
			targets = (
				323C38682A78F0220048762E /* Resume_App */,
			);
		};
/* End PBXProject section */

/* Begin PBXResourcesBuildPhase section */
		323C38672A78F0220048762E /* Resources */ = {
			isa = PBXResourcesBuildPhase;
			buildActionMask = 2147483647;
			files = (
				323C38792A78F0230048762E /* LaunchScreen.storyboard in Resources */,
				32A956922A790EE6001658D6 /* InfoPlist.strings in Resources */,
				32A9568C2A790E5F001658D6 /* Localizable.strings in Resources */,
				323C38762A78F0230048762E /* Assets.xcassets in Resources */,
			);
			runOnlyForDeploymentPostprocessing = 0;
		};
/* End PBXResourcesBuildPhase section */

/* Begin PBXSourcesBuildPhase section */
		323C38652A78F0220048762E /* Sources */ = {
			isa = PBXSourcesBuildPhase;
			buildActionMask = 2147483647;
			files = (
				323C388B2A78FE7A0048762E /* Fonts.swift in Sources */,
				323C38842A78F5AA0048762E /* ScillsCollectionCell.swift in Sources */,
				323C38862A78F5BA0048762E /* AboutMeCollectionCell.swift in Sources */,
				323C38712A78F0220048762E /* ViewController.swift in Sources */,
				323C38892A78FDEF0048762E /* Colors.swift in Sources */,
				32A956972A792BC9001658D6 /* SupplementaryViewCell.swift in Sources */,
				32A956892A790D1B001658D6 /* String+Extentions.swift in Sources */,
				323C38822A78F59B0048762E /* InfoCollectionCell.swift in Sources */,
				323C386D2A78F0220048762E /* AppDelegate.swift in Sources */,
				32A956832A790317001658D6 /* DataManager.swift in Sources */,
				323C386F2A78F0220048762E /* SceneDelegate.swift in Sources */,
			);
			runOnlyForDeploymentPostprocessing = 0;
		};
/* End PBXSourcesBuildPhase section */

/* Begin PBXVariantGroup section */
		323C38772A78F0230048762E /* LaunchScreen.storyboard */ = {
			isa = PBXVariantGroup;
			children = (
				323C38782A78F0230048762E /* Base */,
			);
			name = LaunchScreen.storyboard;
			sourceTree = "<group>";
		};
		32A9568E2A790E5F001658D6 /* Localizable.strings */ = {
			isa = PBXVariantGroup;
			children = (
				32A9568D2A790E5F001658D6 /* en */,
				32A9568F2A790E78001658D6 /* ru */,
			);
			name = Localizable.strings;
			sourceTree = "<group>";
		};
		32A956942A790EE6001658D6 /* InfoPlist.strings */ = {
			isa = PBXVariantGroup;
			children = (
				32A956932A790EE6001658D6 /* en */,
				32A956952A790EEA001658D6 /* ru */,
			);
			name = InfoPlist.strings;
			sourceTree = "<group>";
		};
/* End PBXVariantGroup section */

/* Begin XCBuildConfiguration section */
		323C387B2A78F0230048762E /* Debug */ = {
			isa = XCBuildConfiguration;
			buildSettings = {
				ALWAYS_SEARCH_USER_PATHS = NO;
				CLANG_ANALYZER_LOCALIZABILITY_NONLOCALIZED = YES;
				CLANG_ANALYZER_NONNULL = YES;
				CLANG_ANALYZER_NUMBER_OBJECT_CONVERSION = YES_AGGRESSIVE;
				CLANG_CXX_LANGUAGE_STANDARD = "gnu++20";
				CLANG_ENABLE_MODULES = YES;
				CLANG_ENABLE_OBJC_ARC = YES;
				CLANG_ENABLE_OBJC_WEAK = YES;
				CLANG_WARN_BLOCK_CAPTURE_AUTORELEASING = YES;
				CLANG_WARN_BOOL_CONVERSION = YES;
				CLANG_WARN_COMMA = YES;
				CLANG_WARN_CONSTANT_CONVERSION = YES;
				CLANG_WARN_DEPRECATED_OBJC_IMPLEMENTATIONS = YES;
				CLANG_WARN_DIRECT_OBJC_ISA_USAGE = YES_ERROR;
				CLANG_WARN_DOCUMENTATION_COMMENTS = YES;
				CLANG_WARN_EMPTY_BODY = YES;
				CLANG_WARN_ENUM_CONVERSION = YES;
				CLANG_WARN_INFINITE_RECURSION = YES;
				CLANG_WARN_INT_CONVERSION = YES;
				CLANG_WARN_NON_LITERAL_NULL_CONVERSION = YES;
				CLANG_WARN_OBJC_IMPLICIT_RETAIN_SELF = YES;
				CLANG_WARN_OBJC_LITERAL_CONVERSION = YES;
				CLANG_WARN_OBJC_ROOT_CLASS = YES_ERROR;
				CLANG_WARN_QUOTED_INCLUDE_IN_FRAMEWORK_HEADER = YES;
				CLANG_WARN_RANGE_LOOP_ANALYSIS = YES;
				CLANG_WARN_STRICT_PROTOTYPES = YES;
				CLANG_WARN_SUSPICIOUS_MOVE = YES;
				CLANG_WARN_UNGUARDED_AVAILABILITY = YES_AGGRESSIVE;
				CLANG_WARN_UNREACHABLE_CODE = YES;
				CLANG_WARN__DUPLICATE_METHOD_MATCH = YES;
				COPY_PHASE_STRIP = NO;
				DEBUG_INFORMATION_FORMAT = dwarf;
				ENABLE_STRICT_OBJC_MSGSEND = YES;
				ENABLE_TESTABILITY = YES;
				GCC_C_LANGUAGE_STANDARD = gnu11;
				GCC_DYNAMIC_NO_PIC = NO;
				GCC_NO_COMMON_BLOCKS = YES;
				GCC_OPTIMIZATION_LEVEL = 0;
				GCC_PREPROCESSOR_DEFINITIONS = (
					"DEBUG=1",
					"$(inherited)",
				);
				GCC_WARN_64_TO_32_BIT_CONVERSION = YES;
				GCC_WARN_ABOUT_RETURN_TYPE = YES_ERROR;
				GCC_WARN_UNDECLARED_SELECTOR = YES;
				GCC_WARN_UNINITIALIZED_AUTOS = YES_AGGRESSIVE;
				GCC_WARN_UNUSED_FUNCTION = YES;
				GCC_WARN_UNUSED_VARIABLE = YES;
				IPHONEOS_DEPLOYMENT_TARGET = 16.4;
				MTL_ENABLE_DEBUG_INFO = INCLUDE_SOURCE;
				MTL_FAST_MATH = YES;
				ONLY_ACTIVE_ARCH = YES;
				SDKROOT = iphoneos;
				SWIFT_ACTIVE_COMPILATION_CONDITIONS = DEBUG;
				SWIFT_OPTIMIZATION_LEVEL = "-Onone";
			};
			name = Debug;
		};
		323C387C2A78F0230048762E /* Release */ = {
			isa = XCBuildConfiguration;
			buildSettings = {
				ALWAYS_SEARCH_USER_PATHS = NO;
				CLANG_ANALYZER_LOCALIZABILITY_NONLOCALIZED = YES;
				CLANG_ANALYZER_NONNULL = YES;
				CLANG_ANALYZER_NUMBER_OBJECT_CONVERSION = YES_AGGRESSIVE;
				CLANG_CXX_LANGUAGE_STANDARD = "gnu++20";
				CLANG_ENABLE_MODULES = YES;
				CLANG_ENABLE_OBJC_ARC = YES;
				CLANG_ENABLE_OBJC_WEAK = YES;
				CLANG_WARN_BLOCK_CAPTURE_AUTORELEASING = YES;
				CLANG_WARN_BOOL_CONVERSION = YES;
				CLANG_WARN_COMMA = YES;
				CLANG_WARN_CONSTANT_CONVERSION = YES;
				CLANG_WARN_DEPRECATED_OBJC_IMPLEMENTATIONS = YES;
				CLANG_WARN_DIRECT_OBJC_ISA_USAGE = YES_ERROR;
				CLANG_WARN_DOCUMENTATION_COMMENTS = YES;
				CLANG_WARN_EMPTY_BODY = YES;
				CLANG_WARN_ENUM_CONVERSION = YES;
				CLANG_WARN_INFINITE_RECURSION = YES;
				CLANG_WARN_INT_CONVERSION = YES;
				CLANG_WARN_NON_LITERAL_NULL_CONVERSION = YES;
				CLANG_WARN_OBJC_IMPLICIT_RETAIN_SELF = YES;
				CLANG_WARN_OBJC_LITERAL_CONVERSION = YES;
				CLANG_WARN_OBJC_ROOT_CLASS = YES_ERROR;
				CLANG_WARN_QUOTED_INCLUDE_IN_FRAMEWORK_HEADER = YES;
				CLANG_WARN_RANGE_LOOP_ANALYSIS = YES;
				CLANG_WARN_STRICT_PROTOTYPES = YES;
				CLANG_WARN_SUSPICIOUS_MOVE = YES;
				CLANG_WARN_UNGUARDED_AVAILABILITY = YES_AGGRESSIVE;
				CLANG_WARN_UNREACHABLE_CODE = YES;
				CLANG_WARN__DUPLICATE_METHOD_MATCH = YES;
				COPY_PHASE_STRIP = NO;
				DEBUG_INFORMATION_FORMAT = "dwarf-with-dsym";
				ENABLE_NS_ASSERTIONS = NO;
				ENABLE_STRICT_OBJC_MSGSEND = YES;
				GCC_C_LANGUAGE_STANDARD = gnu11;
				GCC_NO_COMMON_BLOCKS = YES;
				GCC_WARN_64_TO_32_BIT_CONVERSION = YES;
				GCC_WARN_ABOUT_RETURN_TYPE = YES_ERROR;
				GCC_WARN_UNDECLARED_SELECTOR = YES;
				GCC_WARN_UNINITIALIZED_AUTOS = YES_AGGRESSIVE;
				GCC_WARN_UNUSED_FUNCTION = YES;
				GCC_WARN_UNUSED_VARIABLE = YES;
				IPHONEOS_DEPLOYMENT_TARGET = 16.4;
				MTL_ENABLE_DEBUG_INFO = NO;
				MTL_FAST_MATH = YES;
				SDKROOT = iphoneos;
				SWIFT_COMPILATION_MODE = wholemodule;
				SWIFT_OPTIMIZATION_LEVEL = "-O";
				VALIDATE_PRODUCT = YES;
			};
			name = Release;
		};
		323C387E2A78F0230048762E /* Debug */ = {
			isa = XCBuildConfiguration;
			buildSettings = {
				ASSETCATALOG_COMPILER_APPICON_NAME = AppIcon;
				ASSETCATALOG_COMPILER_GLOBAL_ACCENT_COLOR_NAME = AccentColor;
				CODE_SIGN_STYLE = Automatic;
				CURRENT_PROJECT_VERSION = 1;
				DEVELOPMENT_TEAM = KUYRA3PMPA;
				GENERATE_INFOPLIST_FILE = YES;
				INFOPLIST_FILE = Resume_App/Info.plist;
				INFOPLIST_KEY_UIApplicationSupportsIndirectInputEvents = YES;
				INFOPLIST_KEY_UILaunchStoryboardName = LaunchScreen;
				INFOPLIST_KEY_UISupportedInterfaceOrientations_iPad = "UIInterfaceOrientationPortrait UIInterfaceOrientationPortraitUpsideDown UIInterfaceOrientationLandscapeLeft UIInterfaceOrientationLandscapeRight";
				INFOPLIST_KEY_UISupportedInterfaceOrientations_iPhone = "UIInterfaceOrientationPortrait UIInterfaceOrientationLandscapeLeft UIInterfaceOrientationLandscapeRight";
				LD_RUNPATH_SEARCH_PATHS = (
					"$(inherited)",
					"@executable_path/Frameworks",
				);
				MARKETING_VERSION = 1.0;
				PRODUCT_BUNDLE_IDENTIFIER = "Viktoria-Lobanova.Resume-App";
				PRODUCT_NAME = "$(TARGET_NAME)";
				SWIFT_EMIT_LOC_STRINGS = YES;
				SWIFT_VERSION = 5.0;
				TARGETED_DEVICE_FAMILY = "1,2";
			};
			name = Debug;
		};
		323C387F2A78F0230048762E /* Release */ = {
			isa = XCBuildConfiguration;
			buildSettings = {
				ASSETCATALOG_COMPILER_APPICON_NAME = AppIcon;
				ASSETCATALOG_COMPILER_GLOBAL_ACCENT_COLOR_NAME = AccentColor;
				CODE_SIGN_STYLE = Automatic;
				CURRENT_PROJECT_VERSION = 1;
				DEVELOPMENT_TEAM = KUYRA3PMPA;
				GENERATE_INFOPLIST_FILE = YES;
				INFOPLIST_FILE = Resume_App/Info.plist;
				INFOPLIST_KEY_UIApplicationSupportsIndirectInputEvents = YES;
				INFOPLIST_KEY_UILaunchStoryboardName = LaunchScreen;
				INFOPLIST_KEY_UISupportedInterfaceOrientations_iPad = "UIInterfaceOrientationPortrait UIInterfaceOrientationPortraitUpsideDown UIInterfaceOrientationLandscapeLeft UIInterfaceOrientationLandscapeRight";
				INFOPLIST_KEY_UISupportedInterfaceOrientations_iPhone = "UIInterfaceOrientationPortrait UIInterfaceOrientationLandscapeLeft UIInterfaceOrientationLandscapeRight";
				LD_RUNPATH_SEARCH_PATHS = (
					"$(inherited)",
					"@executable_path/Frameworks",
				);
				MARKETING_VERSION = 1.0;
				PRODUCT_BUNDLE_IDENTIFIER = "Viktoria-Lobanova.Resume-App";
				PRODUCT_NAME = "$(TARGET_NAME)";
				SWIFT_EMIT_LOC_STRINGS = YES;
				SWIFT_VERSION = 5.0;
				TARGETED_DEVICE_FAMILY = "1,2";
			};
			name = Release;
		};
/* End XCBuildConfiguration section */

/* Begin XCConfigurationList section */
		323C38642A78F0220048762E /* Build configuration list for PBXProject "Resume_App" */ = {
			isa = XCConfigurationList;
			buildConfigurations = (
				323C387B2A78F0230048762E /* Debug */,
				323C387C2A78F0230048762E /* Release */,
			);
			defaultConfigurationIsVisible = 0;
			defaultConfigurationName = Release;
		};
		323C387D2A78F0230048762E /* Build configuration list for PBXNativeTarget "Resume_App" */ = {
			isa = XCConfigurationList;
			buildConfigurations = (
				323C387E2A78F0230048762E /* Debug */,
				323C387F2A78F0230048762E /* Release */,
			);
			defaultConfigurationIsVisible = 0;
			defaultConfigurationName = Release;
		};
/* End XCConfigurationList section */
	};
	rootObject = 323C38612A78F0220048762E /* Project object */;
}
